// !$*UTF8*$!
{
	archiveVersion = 1;
	classes = {
	};
	objectVersion = 50;
	objects = {

/* Begin PBXBuildFile section */
		215A525B2153DA1B0060576A /* AppDelegate.swift in Sources */ = {isa = PBXBuildFile; fileRef = 215A525A2153DA1B0060576A /* AppDelegate.swift */; };
		215A52622153DA1E0060576A /* Assets.xcassets in Resources */ = {isa = PBXBuildFile; fileRef = 215A52612153DA1E0060576A /* Assets.xcassets */; };
		215A52652153DA1E0060576A /* LaunchScreen.storyboard in Resources */ = {isa = PBXBuildFile; fileRef = 215A52632153DA1E0060576A /* LaunchScreen.storyboard */; };
		215A52702153DA1F0060576A /* Futsal_TeamTests.swift in Sources */ = {isa = PBXBuildFile; fileRef = 215A526F2153DA1F0060576A /* Futsal_TeamTests.swift */; };
		215A527B2153DA1F0060576A /* Futsal_TeamUITests.swift in Sources */ = {isa = PBXBuildFile; fileRef = 215A527A2153DA1F0060576A /* Futsal_TeamUITests.swift */; };
		215A52972153DBC20060576A /* Extensions.swift in Sources */ = {isa = PBXBuildFile; fileRef = 215A52962153DBC20060576A /* Extensions.swift */; };
		215A52992153DBC70060576A /* ModelViewController.swift in Sources */ = {isa = PBXBuildFile; fileRef = 215A52982153DBC70060576A /* ModelViewController.swift */; };
		215A529C2153DBD50060576A /* Inicio_VC.swift in Sources */ = {isa = PBXBuildFile; fileRef = 215A529A2153DBD50060576A /* Inicio_VC.swift */; };
		215A529D2153DBD60060576A /* Cadastro_VC.swift in Sources */ = {isa = PBXBuildFile; fileRef = 215A529B2153DBD50060576A /* Cadastro_VC.swift */; };
		215A529F2153DBDC0060576A /* Time_VC.swift in Sources */ = {isa = PBXBuildFile; fileRef = 215A529E2153DBDC0060576A /* Time_VC.swift */; };
		215A52A12153DBE10060576A /* Placar_VC.swift in Sources */ = {isa = PBXBuildFile; fileRef = 215A52A02153DBE10060576A /* Placar_VC.swift */; };
		215A52A32153DBE40060576A /* EditarTime_VC.swift in Sources */ = {isa = PBXBuildFile; fileRef = 215A52A22153DBE40060576A /* EditarTime_VC.swift */; };
		215A52A52153DBE80060576A /* Historico_VC.swift in Sources */ = {isa = PBXBuildFile; fileRef = 215A52A42153DBE80060576A /* Historico_VC.swift */; };
		215A52A72153DBEA0060576A /* PlacarHistorico_VC.swift in Sources */ = {isa = PBXBuildFile; fileRef = 215A52A62153DBEA0060576A /* PlacarHistorico_VC.swift */; };
		215A52A92153DBED0060576A /* Agenda_VC.swift in Sources */ = {isa = PBXBuildFile; fileRef = 215A52A82153DBED0060576A /* Agenda_VC.swift */; };
		215A52AB2153DBF00060576A /* Evento_VC.swift in Sources */ = {isa = PBXBuildFile; fileRef = 215A52AA2153DBF00060576A /* Evento_VC.swift */; };
		215A52AD2153DBF50060576A /* Escalacao_VC.swift in Sources */ = {isa = PBXBuildFile; fileRef = 215A52AC2153DBF50060576A /* Escalacao_VC.swift */; };
		215A52AF2153DBF90060576A /* JogadorPerfil_VC.swift in Sources */ = {isa = PBXBuildFile; fileRef = 215A52AE2153DBF90060576A /* JogadorPerfil_VC.swift */; };
		215A52B12153DBFC0060576A /* PDF_VC.swift in Sources */ = {isa = PBXBuildFile; fileRef = 215A52B02153DBFC0060576A /* PDF_VC.swift */; };
		215A52B32153DC010060576A /* Configuracoes_VC.swift in Sources */ = {isa = PBXBuildFile; fileRef = 215A52B22153DC010060576A /* Configuracoes_VC.swift */; };
		215A52B52153DC080060576A /* Placar_TVC.swift in Sources */ = {isa = PBXBuildFile; fileRef = 215A52B42153DC080060576A /* Placar_TVC.swift */; };
		215A52B72153DC0B0060576A /* Placar_TVC.xib in Resources */ = {isa = PBXBuildFile; fileRef = 215A52B62153DC0B0060576A /* Placar_TVC.xib */; };
		215A52B92153DC0F0060576A /* Historico_TVC.swift in Sources */ = {isa = PBXBuildFile; fileRef = 215A52B82153DC0F0060576A /* Historico_TVC.swift */; };
		215A52BB2153DC120060576A /* Historico_TVC.xib in Resources */ = {isa = PBXBuildFile; fileRef = 215A52BA2153DC120060576A /* Historico_TVC.xib */; };
		215A52BD2153DC1F0060576A /* Main.storyboard in Resources */ = {isa = PBXBuildFile; fileRef = 215A52BC2153DC1F0060576A /* Main.storyboard */; };
/* End PBXBuildFile section */

/* Begin PBXContainerItemProxy section */
		215A526C2153DA1F0060576A /* PBXContainerItemProxy */ = {
			isa = PBXContainerItemProxy;
			containerPortal = 215A524F2153DA1B0060576A /* Project object */;
			proxyType = 1;
			remoteGlobalIDString = 215A52562153DA1B0060576A;
			remoteInfo = "Futsal Team";
		};
		215A52772153DA1F0060576A /* PBXContainerItemProxy */ = {
			isa = PBXContainerItemProxy;
			containerPortal = 215A524F2153DA1B0060576A /* Project object */;
			proxyType = 1;
			remoteGlobalIDString = 215A52562153DA1B0060576A;
			remoteInfo = "Futsal Team";
		};
/* End PBXContainerItemProxy section */

/* Begin PBXFileReference section */
		215A52572153DA1B0060576A /* Futsal Team.app */ = {isa = PBXFileReference; explicitFileType = wrapper.application; includeInIndex = 0; path = "Futsal Team.app"; sourceTree = BUILT_PRODUCTS_DIR; };
		215A525A2153DA1B0060576A /* AppDelegate.swift */ = {isa = PBXFileReference; lastKnownFileType = sourcecode.swift; path = AppDelegate.swift; sourceTree = "<group>"; };
		215A52612153DA1E0060576A /* Assets.xcassets */ = {isa = PBXFileReference; lastKnownFileType = folder.assetcatalog; path = Assets.xcassets; sourceTree = "<group>"; };
		215A52642153DA1E0060576A /* Base */ = {isa = PBXFileReference; lastKnownFileType = file.storyboard; name = Base; path = Base.lproj/LaunchScreen.storyboard; sourceTree = "<group>"; };
		215A52662153DA1E0060576A /* Info.plist */ = {isa = PBXFileReference; lastKnownFileType = text.plist.xml; path = Info.plist; sourceTree = "<group>"; };
		215A526B2153DA1F0060576A /* Futsal TeamTests.xctest */ = {isa = PBXFileReference; explicitFileType = wrapper.cfbundle; includeInIndex = 0; path = "Futsal TeamTests.xctest"; sourceTree = BUILT_PRODUCTS_DIR; };
		215A526F2153DA1F0060576A /* Futsal_TeamTests.swift */ = {isa = PBXFileReference; lastKnownFileType = sourcecode.swift; path = Futsal_TeamTests.swift; sourceTree = "<group>"; };
		215A52712153DA1F0060576A /* Info.plist */ = {isa = PBXFileReference; lastKnownFileType = text.plist.xml; path = Info.plist; sourceTree = "<group>"; };
		215A52762153DA1F0060576A /* Futsal TeamUITests.xctest */ = {isa = PBXFileReference; explicitFileType = wrapper.cfbundle; includeInIndex = 0; path = "Futsal TeamUITests.xctest"; sourceTree = BUILT_PRODUCTS_DIR; };
		215A527A2153DA1F0060576A /* Futsal_TeamUITests.swift */ = {isa = PBXFileReference; lastKnownFileType = sourcecode.swift; path = Futsal_TeamUITests.swift; sourceTree = "<group>"; };
		215A527C2153DA1F0060576A /* Info.plist */ = {isa = PBXFileReference; lastKnownFileType = text.plist.xml; path = Info.plist; sourceTree = "<group>"; };
		215A52962153DBC20060576A /* Extensions.swift */ = {isa = PBXFileReference; fileEncoding = 4; lastKnownFileType = sourcecode.swift; path = Extensions.swift; sourceTree = "<group>"; };
		215A52982153DBC70060576A /* ModelViewController.swift */ = {isa = PBXFileReference; fileEncoding = 4; lastKnownFileType = sourcecode.swift; path = ModelViewController.swift; sourceTree = "<group>"; };
		215A529A2153DBD50060576A /* Inicio_VC.swift */ = {isa = PBXFileReference; fileEncoding = 4; lastKnownFileType = sourcecode.swift; path = Inicio_VC.swift; sourceTree = "<group>"; };
		215A529B2153DBD50060576A /* Cadastro_VC.swift */ = {isa = PBXFileReference; fileEncoding = 4; lastKnownFileType = sourcecode.swift; path = Cadastro_VC.swift; sourceTree = "<group>"; };
		215A529E2153DBDC0060576A /* Time_VC.swift */ = {isa = PBXFileReference; fileEncoding = 4; lastKnownFileType = sourcecode.swift; path = Time_VC.swift; sourceTree = "<group>"; };
		215A52A02153DBE10060576A /* Placar_VC.swift */ = {isa = PBXFileReference; fileEncoding = 4; lastKnownFileType = sourcecode.swift; path = Placar_VC.swift; sourceTree = "<group>"; };
		215A52A22153DBE40060576A /* EditarTime_VC.swift */ = {isa = PBXFileReference; fileEncoding = 4; lastKnownFileType = sourcecode.swift; path = EditarTime_VC.swift; sourceTree = "<group>"; };
		215A52A42153DBE80060576A /* Historico_VC.swift */ = {isa = PBXFileReference; fileEncoding = 4; lastKnownFileType = sourcecode.swift; path = Historico_VC.swift; sourceTree = "<group>"; };
		215A52A62153DBEA0060576A /* PlacarHistorico_VC.swift */ = {isa = PBXFileReference; fileEncoding = 4; lastKnownFileType = sourcecode.swift; path = PlacarHistorico_VC.swift; sourceTree = "<group>"; };
		215A52A82153DBED0060576A /* Agenda_VC.swift */ = {isa = PBXFileReference; fileEncoding = 4; lastKnownFileType = sourcecode.swift; path = Agenda_VC.swift; sourceTree = "<group>"; };
		215A52AA2153DBF00060576A /* Evento_VC.swift */ = {isa = PBXFileReference; fileEncoding = 4; lastKnownFileType = sourcecode.swift; path = Evento_VC.swift; sourceTree = "<group>"; };
		215A52AC2153DBF50060576A /* Escalacao_VC.swift */ = {isa = PBXFileReference; fileEncoding = 4; lastKnownFileType = sourcecode.swift; path = Escalacao_VC.swift; sourceTree = "<group>"; };
		215A52AE2153DBF90060576A /* JogadorPerfil_VC.swift */ = {isa = PBXFileReference; fileEncoding = 4; lastKnownFileType = sourcecode.swift; path = JogadorPerfil_VC.swift; sourceTree = "<group>"; };
		215A52B02153DBFC0060576A /* PDF_VC.swift */ = {isa = PBXFileReference; fileEncoding = 4; lastKnownFileType = sourcecode.swift; path = PDF_VC.swift; sourceTree = "<group>"; };
		215A52B22153DC010060576A /* Configuracoes_VC.swift */ = {isa = PBXFileReference; fileEncoding = 4; lastKnownFileType = sourcecode.swift; path = Configuracoes_VC.swift; sourceTree = "<group>"; };
		215A52B42153DC080060576A /* Placar_TVC.swift */ = {isa = PBXFileReference; fileEncoding = 4; lastKnownFileType = sourcecode.swift; path = Placar_TVC.swift; sourceTree = "<group>"; };
		215A52B62153DC0B0060576A /* Placar_TVC.xib */ = {isa = PBXFileReference; fileEncoding = 4; lastKnownFileType = file.xib; path = Placar_TVC.xib; sourceTree = "<group>"; };
		215A52B82153DC0F0060576A /* Historico_TVC.swift */ = {isa = PBXFileReference; fileEncoding = 4; lastKnownFileType = sourcecode.swift; path = Historico_TVC.swift; sourceTree = "<group>"; };
		215A52BA2153DC120060576A /* Historico_TVC.xib */ = {isa = PBXFileReference; fileEncoding = 4; lastKnownFileType = file.xib; path = Historico_TVC.xib; sourceTree = "<group>"; };
		215A52BC2153DC1F0060576A /* Main.storyboard */ = {isa = PBXFileReference; fileEncoding = 4; lastKnownFileType = file.storyboard; path = Main.storyboard; sourceTree = "<group>"; };
/* End PBXFileReference section */

/* Begin PBXFrameworksBuildPhase section */
		215A52542153DA1B0060576A /* Frameworks */ = {
			isa = PBXFrameworksBuildPhase;
			buildActionMask = 2147483647;
			files = (
			);
			runOnlyForDeploymentPostprocessing = 0;
		};
		215A52682153DA1F0060576A /* Frameworks */ = {
			isa = PBXFrameworksBuildPhase;
			buildActionMask = 2147483647;
			files = (
			);
			runOnlyForDeploymentPostprocessing = 0;
		};
		215A52732153DA1F0060576A /* Frameworks */ = {
			isa = PBXFrameworksBuildPhase;
			buildActionMask = 2147483647;
			files = (
			);
			runOnlyForDeploymentPostprocessing = 0;
		};
/* End PBXFrameworksBuildPhase section */

/* Begin PBXGroup section */
		215A524E2153DA1B0060576A = {
			isa = PBXGroup;
			children = (
				215A52592153DA1B0060576A /* Futsal Team */,
				215A526E2153DA1F0060576A /* Futsal TeamTests */,
				215A52792153DA1F0060576A /* Futsal TeamUITests */,
				215A52582153DA1B0060576A /* Products */,
			);
			sourceTree = "<group>";
		};
		215A52582153DA1B0060576A /* Products */ = {
			isa = PBXGroup;
			children = (
				215A52572153DA1B0060576A /* Futsal Team.app */,
				215A526B2153DA1F0060576A /* Futsal TeamTests.xctest */,
				215A52762153DA1F0060576A /* Futsal TeamUITests.xctest */,
			);
			name = Products;
			sourceTree = "<group>";
		};
		215A52592153DA1B0060576A /* Futsal Team */ = {
			isa = PBXGroup;
			children = (
				215A525A2153DA1B0060576A /* AppDelegate.swift */,
				215A52882153DB040060576A /* Extensions */,
				215A528D2153DB430060576A /* Realm */,
				215A528C2153DB3C0060576A /* Models */,
				215A528B2153DB310060576A /* ViewControllers */,
				215A528A2153DB250060576A /* TableViewCells */,
				215A52892153DB120060576A /* Storyboards */,
				215A52952153DB970060576A /* Imagens */,
				215A52662153DA1E0060576A /* Info.plist */,
			);
			path = "Futsal Team";
			sourceTree = "<group>";
		};
		215A526E2153DA1F0060576A /* Futsal TeamTests */ = {
			isa = PBXGroup;
			children = (
				215A526F2153DA1F0060576A /* Futsal_TeamTests.swift */,
				215A52712153DA1F0060576A /* Info.plist */,
			);
			path = "Futsal TeamTests";
			sourceTree = "<group>";
		};
		215A52792153DA1F0060576A /* Futsal TeamUITests */ = {
			isa = PBXGroup;
			children = (
				215A527A2153DA1F0060576A /* Futsal_TeamUITests.swift */,
				215A527C2153DA1F0060576A /* Info.plist */,
			);
			path = "Futsal TeamUITests";
			sourceTree = "<group>";
		};
		215A52882153DB040060576A /* Extensions */ = {
			isa = PBXGroup;
			children = (
				215A52962153DBC20060576A /* Extensions.swift */,
			);
			path = Extensions;
			sourceTree = "<group>";
		};
		215A52892153DB120060576A /* Storyboards */ = {
			isa = PBXGroup;
			children = (
				215A52BC2153DC1F0060576A /* Main.storyboard */,
				215A52632153DA1E0060576A /* LaunchScreen.storyboard */,
			);
			path = Storyboards;
			sourceTree = "<group>";
		};
		215A528A2153DB250060576A /* TableViewCells */ = {
			isa = PBXGroup;
			children = (
				215A528F2153DB5C0060576A /* Placar_TVC */,
				215A52B42153DC080060576A /* Placar_TVC.swift */,
				215A52B62153DC0B0060576A /* Placar_TVC.xib */,
				215A528E2153DB510060576A /* Historico_TVC */,
			);
			path = TableViewCells;
			sourceTree = "<group>";
		};
		215A528B2153DB310060576A /* ViewControllers */ = {
			isa = PBXGroup;
			children = (
				215A52942153DB8C0060576A /* Inicio */,
				215A52932153DB870060576A /* Time */,
				215A52922153DB820060576A /* Agenda */,
				215A52912153DB7B0060576A /* Escalação */,
				215A52902153DB730060576A /* Configurações */,
			);
			path = ViewControllers;
			sourceTree = "<group>";
		};
		215A528C2153DB3C0060576A /* Models */ = {
			isa = PBXGroup;
			children = (
				215A52982153DBC70060576A /* ModelViewController.swift */,
			);
			path = Models;
			sourceTree = "<group>";
		};
		215A528D2153DB430060576A /* Realm */ = {
			isa = PBXGroup;
			children = (
			);
			path = Realm;
			sourceTree = "<group>";
		};
		215A528E2153DB510060576A /* Historico_TVC */ = {
			isa = PBXGroup;
			children = (
				215A52B82153DC0F0060576A /* Historico_TVC.swift */,
				215A52BA2153DC120060576A /* Historico_TVC.xib */,
			);
			path = Historico_TVC;
			sourceTree = "<group>";
		};
		215A528F2153DB5C0060576A /* Placar_TVC */ = {
			isa = PBXGroup;
			children = (
			);
			path = Placar_TVC;
			sourceTree = "<group>";
		};
		215A52902153DB730060576A /* Configurações */ = {
			isa = PBXGroup;
			children = (
				215A52B22153DC010060576A /* Configuracoes_VC.swift */,
			);
			name = "Configurações";
			path = "Configurações";
			sourceTree = "<group>";
		};
		215A52912153DB7B0060576A /* Escalação */ = {
			isa = PBXGroup;
			children = (
				215A52AC2153DBF50060576A /* Escalacao_VC.swift */,
				215A52AE2153DBF90060576A /* JogadorPerfil_VC.swift */,
				215A52B02153DBFC0060576A /* PDF_VC.swift */,
			);
			name = "Escalação";
			path = "Escalação";
			sourceTree = "<group>";
		};
		215A52922153DB820060576A /* Agenda */ = {
			isa = PBXGroup;
			children = (
				215A52A82153DBED0060576A /* Agenda_VC.swift */,
				215A52AA2153DBF00060576A /* Evento_VC.swift */,
			);
			path = Agenda;
			sourceTree = "<group>";
		};
		215A52932153DB870060576A /* Time */ = {
			isa = PBXGroup;
			children = (
				215A529E2153DBDC0060576A /* Time_VC.swift */,
				215A52A02153DBE10060576A /* Placar_VC.swift */,
				215A52A22153DBE40060576A /* EditarTime_VC.swift */,
				215A52A42153DBE80060576A /* Historico_VC.swift */,
				215A52A62153DBEA0060576A /* PlacarHistorico_VC.swift */,
			);
			path = Time;
			sourceTree = "<group>";
		};
		215A52942153DB8C0060576A /* Inicio */ = {
			isa = PBXGroup;
			children = (
				215A529B2153DBD50060576A /* Cadastro_VC.swift */,
				215A529A2153DBD50060576A /* Inicio_VC.swift */,
			);
			path = Inicio;
			sourceTree = "<group>";
		};
		215A52952153DB970060576A /* Imagens */ = {
			isa = PBXGroup;
			children = (
				215A52612153DA1E0060576A /* Assets.xcassets */,
			);
			path = Imagens;
			sourceTree = "<group>";
		};
/* End PBXGroup section */

/* Begin PBXNativeTarget section */
		215A52562153DA1B0060576A /* Futsal Team */ = {
			isa = PBXNativeTarget;
			buildConfigurationList = 215A527F2153DA1F0060576A /* Build configuration list for PBXNativeTarget "Futsal Team" */;
			buildPhases = (
				215A52532153DA1B0060576A /* Sources */,
				215A52542153DA1B0060576A /* Frameworks */,
				215A52552153DA1B0060576A /* Resources */,
			);
			buildRules = (
			);
			dependencies = (
			);
			name = "Futsal Team";
			productName = "Futsal Team";
			productReference = 215A52572153DA1B0060576A /* Futsal Team.app */;
			productType = "com.apple.product-type.application";
		};
		215A526A2153DA1F0060576A /* Futsal TeamTests */ = {
			isa = PBXNativeTarget;
			buildConfigurationList = 215A52822153DA1F0060576A /* Build configuration list for PBXNativeTarget "Futsal TeamTests" */;
			buildPhases = (
				215A52672153DA1F0060576A /* Sources */,
				215A52682153DA1F0060576A /* Frameworks */,
				215A52692153DA1F0060576A /* Resources */,
			);
			buildRules = (
			);
			dependencies = (
				215A526D2153DA1F0060576A /* PBXTargetDependency */,
			);
			name = "Futsal TeamTests";
			productName = "Futsal TeamTests";
			productReference = 215A526B2153DA1F0060576A /* Futsal TeamTests.xctest */;
			productType = "com.apple.product-type.bundle.unit-test";
		};
		215A52752153DA1F0060576A /* Futsal TeamUITests */ = {
			isa = PBXNativeTarget;
			buildConfigurationList = 215A52852153DA1F0060576A /* Build configuration list for PBXNativeTarget "Futsal TeamUITests" */;
			buildPhases = (
				215A52722153DA1F0060576A /* Sources */,
				215A52732153DA1F0060576A /* Frameworks */,
				215A52742153DA1F0060576A /* Resources */,
			);
			buildRules = (
			);
			dependencies = (
				215A52782153DA1F0060576A /* PBXTargetDependency */,
			);
			name = "Futsal TeamUITests";
			productName = "Futsal TeamUITests";
			productReference = 215A52762153DA1F0060576A /* Futsal TeamUITests.xctest */;
			productType = "com.apple.product-type.bundle.ui-testing";
		};
/* End PBXNativeTarget section */

/* Begin PBXProject section */
		215A524F2153DA1B0060576A /* Project object */ = {
			isa = PBXProject;
			attributes = {
				LastSwiftUpdateCheck = 1000;
				LastUpgradeCheck = 1000;
				ORGANIZATIONNAME = Rodrigo;
				TargetAttributes = {
					215A52562153DA1B0060576A = {
						CreatedOnToolsVersion = 10.0;
					};
					215A526A2153DA1F0060576A = {
						CreatedOnToolsVersion = 10.0;
						TestTargetID = 215A52562153DA1B0060576A;
					};
					215A52752153DA1F0060576A = {
						CreatedOnToolsVersion = 10.0;
						TestTargetID = 215A52562153DA1B0060576A;
					};
				};
			};
			buildConfigurationList = 215A52522153DA1B0060576A /* Build configuration list for PBXProject "Futsal Team" */;
			compatibilityVersion = "Xcode 9.3";
			developmentRegion = en;
			hasScannedForEncodings = 0;
			knownRegions = (
				en,
				Base,
			);
			mainGroup = 215A524E2153DA1B0060576A;
			productRefGroup = 215A52582153DA1B0060576A /* Products */;
			projectDirPath = "";
			projectRoot = "";
			targets = (
				215A52562153DA1B0060576A /* Futsal Team */,
				215A526A2153DA1F0060576A /* Futsal TeamTests */,
				215A52752153DA1F0060576A /* Futsal TeamUITests */,
			);
		};
/* End PBXProject section */

/* Begin PBXResourcesBuildPhase section */
		215A52552153DA1B0060576A /* Resources */ = {
			isa = PBXResourcesBuildPhase;
			buildActionMask = 2147483647;
			files = (
				215A52652153DA1E0060576A /* LaunchScreen.storyboard in Resources */,
				215A52BD2153DC1F0060576A /* Main.storyboard in Resources */,
				215A52BB2153DC120060576A /* Historico_TVC.xib in Resources */,
				215A52622153DA1E0060576A /* Assets.xcassets in Resources */,
				215A52B72153DC0B0060576A /* Placar_TVC.xib in Resources */,
			);
			runOnlyForDeploymentPostprocessing = 0;
		};
		215A52692153DA1F0060576A /* Resources */ = {
			isa = PBXResourcesBuildPhase;
			buildActionMask = 2147483647;
			files = (
			);
			runOnlyForDeploymentPostprocessing = 0;
		};
		215A52742153DA1F0060576A /* Resources */ = {
			isa = PBXResourcesBuildPhase;
			buildActionMask = 2147483647;
			files = (
			);
			runOnlyForDeploymentPostprocessing = 0;
		};
/* End PBXResourcesBuildPhase section */

/* Begin PBXSourcesBuildPhase section */
		215A52532153DA1B0060576A /* Sources */ = {
			isa = PBXSourcesBuildPhase;
			buildActionMask = 2147483647;
			files = (
				215A52A92153DBED0060576A /* Agenda_VC.swift in Sources */,
				215A52B32153DC010060576A /* Configuracoes_VC.swift in Sources */,
				215A525B2153DA1B0060576A /* AppDelegate.swift in Sources */,
				215A52A12153DBE10060576A /* Placar_VC.swift in Sources */,
				215A529D2153DBD60060576A /* Cadastro_VC.swift in Sources */,
				215A529C2153DBD50060576A /* Inicio_VC.swift in Sources */,
				215A52972153DBC20060576A /* Extensions.swift in Sources */,
				215A52992153DBC70060576A /* ModelViewController.swift in Sources */,
				215A52B92153DC0F0060576A /* Historico_TVC.swift in Sources */,
				215A52AB2153DBF00060576A /* Evento_VC.swift in Sources */,
				215A52A32153DBE40060576A /* EditarTime_VC.swift in Sources */,
				215A52AF2153DBF90060576A /* JogadorPerfil_VC.swift in Sources */,
				215A52B12153DBFC0060576A /* PDF_VC.swift in Sources */,
				215A52B52153DC080060576A /* Placar_TVC.swift in Sources */,
				215A52AD2153DBF50060576A /* Escalacao_VC.swift in Sources */,
				215A529F2153DBDC0060576A /* Time_VC.swift in Sources */,
				215A52A72153DBEA0060576A /* PlacarHistorico_VC.swift in Sources */,
				215A52A52153DBE80060576A /* Historico_VC.swift in Sources */,
			);
			runOnlyForDeploymentPostprocessing = 0;
		};
		215A52672153DA1F0060576A /* Sources */ = {
			isa = PBXSourcesBuildPhase;
			buildActionMask = 2147483647;
			files = (
				215A52702153DA1F0060576A /* Futsal_TeamTests.swift in Sources */,
			);
			runOnlyForDeploymentPostprocessing = 0;
		};
		215A52722153DA1F0060576A /* Sources */ = {
			isa = PBXSourcesBuildPhase;
			buildActionMask = 2147483647;
			files = (
				215A527B2153DA1F0060576A /* Futsal_TeamUITests.swift in Sources */,
			);
			runOnlyForDeploymentPostprocessing = 0;
		};
/* End PBXSourcesBuildPhase section */

/* Begin PBXTargetDependency section */
		215A526D2153DA1F0060576A /* PBXTargetDependency */ = {
			isa = PBXTargetDependency;
			target = 215A52562153DA1B0060576A /* Futsal Team */;
			targetProxy = 215A526C2153DA1F0060576A /* PBXContainerItemProxy */;
		};
		215A52782153DA1F0060576A /* PBXTargetDependency */ = {
			isa = PBXTargetDependency;
			target = 215A52562153DA1B0060576A /* Futsal Team */;
			targetProxy = 215A52772153DA1F0060576A /* PBXContainerItemProxy */;
		};
/* End PBXTargetDependency section */

/* Begin PBXVariantGroup section */
		215A52632153DA1E0060576A /* LaunchScreen.storyboard */ = {
			isa = PBXVariantGroup;
			children = (
				215A52642153DA1E0060576A /* Base */,
			);
			name = LaunchScreen.storyboard;
			sourceTree = "<group>";
		};
/* End PBXVariantGroup section */

/* Begin XCBuildConfiguration section */
		215A527D2153DA1F0060576A /* Debug */ = {
			isa = XCBuildConfiguration;
			buildSettings = {
				ALWAYS_SEARCH_USER_PATHS = NO;
				CLANG_ANALYZER_NONNULL = YES;
				CLANG_ANALYZER_NUMBER_OBJECT_CONVERSION = YES_AGGRESSIVE;
				CLANG_CXX_LANGUAGE_STANDARD = "gnu++14";
				CLANG_CXX_LIBRARY = "libc++";
				CLANG_ENABLE_MODULES = YES;
				CLANG_ENABLE_OBJC_ARC = YES;
				CLANG_ENABLE_OBJC_WEAK = YES;
				CLANG_WARN_BLOCK_CAPTURE_AUTORELEASING = YES;
				CLANG_WARN_BOOL_CONVERSION = YES;
				CLANG_WARN_COMMA = YES;
				CLANG_WARN_CONSTANT_CONVERSION = YES;
				CLANG_WARN_DEPRECATED_OBJC_IMPLEMENTATIONS = YES;
				CLANG_WARN_DIRECT_OBJC_ISA_USAGE = YES_ERROR;
				CLANG_WARN_DOCUMENTATION_COMMENTS = YES;
				CLANG_WARN_EMPTY_BODY = YES;
				CLANG_WARN_ENUM_CONVERSION = YES;
				CLANG_WARN_INFINITE_RECURSION = YES;
				CLANG_WARN_INT_CONVERSION = YES;
				CLANG_WARN_NON_LITERAL_NULL_CONVERSION = YES;
				CLANG_WARN_OBJC_IMPLICIT_RETAIN_SELF = YES;
				CLANG_WARN_OBJC_LITERAL_CONVERSION = YES;
				CLANG_WARN_OBJC_ROOT_CLASS = YES_ERROR;
				CLANG_WARN_RANGE_LOOP_ANALYSIS = YES;
				CLANG_WARN_STRICT_PROTOTYPES = YES;
				CLANG_WARN_SUSPICIOUS_MOVE = YES;
				CLANG_WARN_UNGUARDED_AVAILABILITY = YES_AGGRESSIVE;
				CLANG_WARN_UNREACHABLE_CODE = YES;
				CLANG_WARN__DUPLICATE_METHOD_MATCH = YES;
				CODE_SIGN_IDENTITY = "iPhone Developer";
				COPY_PHASE_STRIP = NO;
				DEBUG_INFORMATION_FORMAT = dwarf;
				ENABLE_STRICT_OBJC_MSGSEND = YES;
				ENABLE_TESTABILITY = YES;
				GCC_C_LANGUAGE_STANDARD = gnu11;
				GCC_DYNAMIC_NO_PIC = NO;
				GCC_NO_COMMON_BLOCKS = YES;
				GCC_OPTIMIZATION_LEVEL = 0;
				GCC_PREPROCESSOR_DEFINITIONS = (
					"DEBUG=1",
					"$(inherited)",
				);
				GCC_WARN_64_TO_32_BIT_CONVERSION = YES;
				GCC_WARN_ABOUT_RETURN_TYPE = YES_ERROR;
				GCC_WARN_UNDECLARED_SELECTOR = YES;
				GCC_WARN_UNINITIALIZED_AUTOS = YES_AGGRESSIVE;
				GCC_WARN_UNUSED_FUNCTION = YES;
				GCC_WARN_UNUSED_VARIABLE = YES;
				IPHONEOS_DEPLOYMENT_TARGET = 12.0;
				MTL_ENABLE_DEBUG_INFO = INCLUDE_SOURCE;
				MTL_FAST_MATH = YES;
				ONLY_ACTIVE_ARCH = YES;
				SDKROOT = iphoneos;
				SWIFT_ACTIVE_COMPILATION_CONDITIONS = DEBUG;
				SWIFT_OPTIMIZATION_LEVEL = "-Onone";
			};
			name = Debug;
		};
		215A527E2153DA1F0060576A /* Release */ = {
			isa = XCBuildConfiguration;
			buildSettings = {
				ALWAYS_SEARCH_USER_PATHS = NO;
				CLANG_ANALYZER_NONNULL = YES;
				CLANG_ANALYZER_NUMBER_OBJECT_CONVERSION = YES_AGGRESSIVE;
				CLANG_CXX_LANGUAGE_STANDARD = "gnu++14";
				CLANG_CXX_LIBRARY = "libc++";
				CLANG_ENABLE_MODULES = YES;
				CLANG_ENABLE_OBJC_ARC = YES;
				CLANG_ENABLE_OBJC_WEAK = YES;
				CLANG_WARN_BLOCK_CAPTURE_AUTORELEASING = YES;
				CLANG_WARN_BOOL_CONVERSION = YES;
				CLANG_WARN_COMMA = YES;
				CLANG_WARN_CONSTANT_CONVERSION = YES;
				CLANG_WARN_DEPRECATED_OBJC_IMPLEMENTATIONS = YES;
				CLANG_WARN_DIRECT_OBJC_ISA_USAGE = YES_ERROR;
				CLANG_WARN_DOCUMENTATION_COMMENTS = YES;
				CLANG_WARN_EMPTY_BODY = YES;
				CLANG_WARN_ENUM_CONVERSION = YES;
				CLANG_WARN_INFINITE_RECURSION = YES;
				CLANG_WARN_INT_CONVERSION = YES;
				CLANG_WARN_NON_LITERAL_NULL_CONVERSION = YES;
				CLANG_WARN_OBJC_IMPLICIT_RETAIN_SELF = YES;
				CLANG_WARN_OBJC_LITERAL_CONVERSION = YES;
				CLANG_WARN_OBJC_ROOT_CLASS = YES_ERROR;
				CLANG_WARN_RANGE_LOOP_ANALYSIS = YES;
				CLANG_WARN_STRICT_PROTOTYPES = YES;
				CLANG_WARN_SUSPICIOUS_MOVE = YES;
				CLANG_WARN_UNGUARDED_AVAILABILITY = YES_AGGRESSIVE;
				CLANG_WARN_UNREACHABLE_CODE = YES;
				CLANG_WARN__DUPLICATE_METHOD_MATCH = YES;
				CODE_SIGN_IDENTITY = "iPhone Developer";
				COPY_PHASE_STRIP = NO;
				DEBUG_INFORMATION_FORMAT = "dwarf-with-dsym";
				ENABLE_NS_ASSERTIONS = NO;
				ENABLE_STRICT_OBJC_MSGSEND = YES;
				GCC_C_LANGUAGE_STANDARD = gnu11;
				GCC_NO_COMMON_BLOCKS = YES;
				GCC_WARN_64_TO_32_BIT_CONVERSION = YES;
				GCC_WARN_ABOUT_RETURN_TYPE = YES_ERROR;
				GCC_WARN_UNDECLARED_SELECTOR = YES;
				GCC_WARN_UNINITIALIZED_AUTOS = YES_AGGRESSIVE;
				GCC_WARN_UNUSED_FUNCTION = YES;
				GCC_WARN_UNUSED_VARIABLE = YES;
				IPHONEOS_DEPLOYMENT_TARGET = 12.0;
				MTL_ENABLE_DEBUG_INFO = NO;
				MTL_FAST_MATH = YES;
				SDKROOT = iphoneos;
				SWIFT_COMPILATION_MODE = wholemodule;
				SWIFT_OPTIMIZATION_LEVEL = "-O";
				VALIDATE_PRODUCT = YES;
			};
			name = Release;
		};
		215A52802153DA1F0060576A /* Debug */ = {
			isa = XCBuildConfiguration;
			buildSettings = {
				ASSETCATALOG_COMPILER_APPICON_NAME = AppIcon;
				CODE_SIGN_STYLE = Automatic;
				DEVELOPMENT_TEAM = NWJLUZKG48;
				INFOPLIST_FILE = "Futsal Team/Info.plist";
				LD_RUNPATH_SEARCH_PATHS = (
					"$(inherited)",
					"@executable_path/Frameworks",
				);
				PRODUCT_BUNDLE_IDENTIFIER = "rodrigo.Futsal-Team";
				PRODUCT_NAME = "$(TARGET_NAME)";
				SWIFT_VERSION = 4.2;
				TARGETED_DEVICE_FAMILY = "1,2";
			};
			name = Debug;
		};
		215A52812153DA1F0060576A /* Release */ = {
			isa = XCBuildConfiguration;
			buildSettings = {
				ASSETCATALOG_COMPILER_APPICON_NAME = AppIcon;
				CODE_SIGN_STYLE = Automatic;
				DEVELOPMENT_TEAM = NWJLUZKG48;
				INFOPLIST_FILE = "Futsal Team/Info.plist";
				LD_RUNPATH_SEARCH_PATHS = (
					"$(inherited)",
					"@executable_path/Frameworks",
				);
				PRODUCT_BUNDLE_IDENTIFIER = "rodrigo.Futsal-Team";
				PRODUCT_NAME = "$(TARGET_NAME)";
				SWIFT_VERSION = 4.2;
				TARGETED_DEVICE_FAMILY = "1,2";
			};
			name = Release;
		};
		215A52832153DA1F0060576A /* Debug */ = {
			isa = XCBuildConfiguration;
			buildSettings = {
				ALWAYS_EMBED_SWIFT_STANDARD_LIBRARIES = YES;
				BUNDLE_LOADER = "$(TEST_HOST)";
				CODE_SIGN_STYLE = Automatic;
				DEVELOPMENT_TEAM = NWJLUZKG48;
				INFOPLIST_FILE = "Futsal TeamTests/Info.plist";
				LD_RUNPATH_SEARCH_PATHS = (
					"$(inherited)",
					"@executable_path/Frameworks",
					"@loader_path/Frameworks",
				);
				PRODUCT_BUNDLE_IDENTIFIER = "rodrigo.Futsal-TeamTests";
				PRODUCT_NAME = "$(TARGET_NAME)";
				SWIFT_VERSION = 4.2;
				TARGETED_DEVICE_FAMILY = "1,2";
				TEST_HOST = "$(BUILT_PRODUCTS_DIR)/Futsal Team.app/Futsal Team";
			};
			name = Debug;
		};
		215A52842153DA1F0060576A /* Release */ = {
			isa = XCBuildConfiguration;
			buildSettings = {
				ALWAYS_EMBED_SWIFT_STANDARD_LIBRARIES = YES;
				BUNDLE_LOADER = "$(TEST_HOST)";
				CODE_SIGN_STYLE = Automatic;
				DEVELOPMENT_TEAM = NWJLUZKG48;
				INFOPLIST_FILE = "Futsal TeamTests/Info.plist";
				LD_RUNPATH_SEARCH_PATHS = (
					"$(inherited)",
					"@executable_path/Frameworks",
					"@loader_path/Frameworks",
				);
				PRODUCT_BUNDLE_IDENTIFIER = "rodrigo.Futsal-TeamTests";
				PRODUCT_NAME = "$(TARGET_NAME)";
				SWIFT_VERSION = 4.2;
				TARGETED_DEVICE_FAMILY = "1,2";
				TEST_HOST = "$(BUILT_PRODUCTS_DIR)/Futsal Team.app/Futsal Team";
			};
			name = Release;
		};
		215A52862153DA1F0060576A /* Debug */ = {
			isa = XCBuildConfiguration;
			buildSettings = {
				ALWAYS_EMBED_SWIFT_STANDARD_LIBRARIES = YES;
				CODE_SIGN_STYLE = Automatic;
				DEVELOPMENT_TEAM = NWJLUZKG48;
				INFOPLIST_FILE = "Futsal TeamUITests/Info.plist";
				LD_RUNPATH_SEARCH_PATHS = (
					"$(inherited)",
					"@executable_path/Frameworks",
					"@loader_path/Frameworks",
				);
				PRODUCT_BUNDLE_IDENTIFIER = "rodrigo.Futsal-TeamUITests";
				PRODUCT_NAME = "$(TARGET_NAME)";
				SWIFT_VERSION = 4.2;
				TARGETED_DEVICE_FAMILY = "1,2";
				TEST_TARGET_NAME = "Futsal Team";
			};
			name = Debug;
		};
		215A52872153DA1F0060576A /* Release */ = {
			isa = XCBuildConfiguration;
			buildSettings = {
				ALWAYS_EMBED_SWIFT_STANDARD_LIBRARIES = YES;
				CODE_SIGN_STYLE = Automatic;
				DEVELOPMENT_TEAM = NWJLUZKG48;
				INFOPLIST_FILE = "Futsal TeamUITests/Info.plist";
				LD_RUNPATH_SEARCH_PATHS = (
					"$(inherited)",
					"@executable_path/Frameworks",
					"@loader_path/Frameworks",
				);
				PRODUCT_BUNDLE_IDENTIFIER = "rodrigo.Futsal-TeamUITests";
				PRODUCT_NAME = "$(TARGET_NAME)";
				SWIFT_VERSION = 4.2;
				TARGETED_DEVICE_FAMILY = "1,2";
				TEST_TARGET_NAME = "Futsal Team";
			};
			name = Release;
		};
/* End XCBuildConfiguration section */

/* Begin XCConfigurationList section */
		215A52522153DA1B0060576A /* Build configuration list for PBXProject "Futsal Team" */ = {
			isa = XCConfigurationList;
			buildConfigurations = (
				215A527D2153DA1F0060576A /* Debug */,
				215A527E2153DA1F0060576A /* Release */,
			);
			defaultConfigurationIsVisible = 0;
			defaultConfigurationName = Release;
		};
		215A527F2153DA1F0060576A /* Build configuration list for PBXNativeTarget "Futsal Team" */ = {
			isa = XCConfigurationList;
			buildConfigurations = (
				215A52802153DA1F0060576A /* Debug */,
				215A52812153DA1F0060576A /* Release */,
			);
			defaultConfigurationIsVisible = 0;
			defaultConfigurationName = Release;
		};
		215A52822153DA1F0060576A /* Build configuration list for PBXNativeTarget "Futsal TeamTests" */ = {
			isa = XCConfigurationList;
			buildConfigurations = (
				215A52832153DA1F0060576A /* Debug */,
				215A52842153DA1F0060576A /* Release */,
			);
			defaultConfigurationIsVisible = 0;
			defaultConfigurationName = Release;
		};
		215A52852153DA1F0060576A /* Build configuration list for PBXNativeTarget "Futsal TeamUITests" */ = {
			isa = XCConfigurationList;
			buildConfigurations = (
				215A52862153DA1F0060576A /* Debug */,
				215A52872153DA1F0060576A /* Release */,
			);
			defaultConfigurationIsVisible = 0;
			defaultConfigurationName = Release;
		};
/* End XCConfigurationList section */
	};
	rootObject = 215A524F2153DA1B0060576A /* Project object */;
}
